
Microsoft Visual Studio Solution File, Format Version 12.00
# Visual Studio Version 17
VisualStudioVersion = 17.4.33213.308
MinimumVisualStudioVersion = 10.0.40219.1
Project("{FAE04EC0-301F-11D3-BF4B-00C04F79EFBC}") = "ExamenU3_CARS", "ExamenU3_CARS.csproj", "{FA949CBE-136A-4EDE-A80F-8FE4A258A114}"
EndProject
Global
	GlobalSection(SolutionConfigurationPlatforms) = preSolution
		Debug|Any CPU = Debug|Any CPU
		Release|Any CPU = Release|Any CPU
	EndGlobalSection
	GlobalSection(ProjectConfigurationPlatforms) = postSolution
		{FA949CBE-136A-4EDE-A80F-8FE4A258A114}.Debug|Any CPU.ActiveCfg = Debug|Any CPU
		{FA949CBE-136A-4EDE-A80F-8FE4A258A114}.Debug|Any CPU.Build.0 = Debug|Any CPU
		{FA949CBE-136A-4EDE-A80F-8FE4A258A114}.Release|Any CPU.ActiveCfg = Release|Any CPU
		{FA949CBE-136A-4EDE-A80F-8FE4A258A114}.Release|Any CPU.Build.0 = Release|Any CPU
	EndGlobalSection
	GlobalSection(SolutionProperties) = preSolution
		HideSolutionNode = FALSE
	EndGlobalSection
	GlobalSection(ExtensibilityGlobals) = postSolution
		SolutionGuid = {D823162C-70F6-421A-A73C-7AF6A569EBD2}
	EndGlobalSection
EndGlobal
